<?xml version="1.0" encoding="utf-8"?>
<Project ToolsVersion="4.0" xmlns="http://schemas.microsoft.com/developer/msbuild/2003">
  <ItemGroup>
    <Filter Include="Source">
      <UniqueIdentifier>{d425a355-a569-49a3-b54f-5995c6cb6699}</UniqueIdentifier>
      <Extensions>*.cpp,*.c</Extensions>
    </Filter>
    <Filter Include="Header">
      <UniqueIdentifier>{bb0c9d3a-8414-4345-95db-bfa363681486}</UniqueIdentifier>
      <Extensions>*.hpp;*.h</Extensions>
    </Filter>
    <Filter Include="Resource">
      <UniqueIdentifier>{2d529d4d-b654-47ec-9690-43fadee0d753}</UniqueIdentifier>
      <Extensions>*.rc;*.mc;*.bin</Extensions>
    </Filter>
  </ItemGroup>
  <ItemGroup>
    <ClCompile Include="..\common\dllmain.cpp">
      <Filter>Source</Filter>
    </ClCompile>
    <ClCompile Include="SODaCBrowse.cpp">
      <Filter>Source</Filter>
    </ClCompile>
    <ClCompile Include="SODaCCallback.cpp">
      <Filter>Source</Filter>
    </ClCompile>
    <ClCompile Include="SODaCEntry.cpp">
      <Filter>Source</Filter>
    </ClCompile>
    <ClCompile Include="SODaCGroup.cpp">
      <Filter>Source</Filter>
    </ClCompile>
    <ClCompile Include="SODaCItem.cpp">
      <Filter>Source</Filter>
    </ClCompile>
    <ClCompile Include="SODaCServer.cpp">
      <Filter>Source</Filter>
    </ClCompile>
    <ClCompile Include="stdafx.cpp">
      <Filter>Source</Filter>
    </ClCompile>
  </ItemGroup>
  <ItemGroup>
    <ClInclude Include="..\common\dllmain.h">
      <Filter>Header</Filter>
    </ClInclude>
    <ClInclude Include="..\include\SODaC.h">
      <Filter>Header</Filter>
    </ClInclude>
    <ClInclude Include="..\include\SODaCBrowse.h">
      <Filter>Header</Filter>
    </ClInclude>
    <ClInclude Include="..\include\SODaCCallback.h">
      <Filter>Header</Filter>
    </ClInclude>
    <ClInclude Include="..\include\SODaCEntry.h">
      <Filter>Header</Filter>
    </ClInclude>
    <ClInclude Include="..\include\SODaCGroup.h">
      <Filter>Header</Filter>
    </ClInclude>
    <ClInclude Include="..\include\SODaCItem.h">
      <Filter>Header</Filter>
    </ClInclude>
    <ClInclude Include="..\include\SODaCServer.h">
      <Filter>Header</Filter>
    </ClInclude>
    <ClInclude Include="SOModule.h">
      <Filter>Header</Filter>
    </ClInclude>
    <ClInclude Include="..\common\SOVersion.h">
      <Filter>Header</Filter>
    </ClInclude>
    <ClInclude Include="StdAfx.h">
      <Filter>Header</Filter>
    </ClInclude>
  </ItemGroup>
  <ItemGroup>
    <ResourceCompile Include="..\common\Version.rc">
      <Filter>Resource</Filter>
    </ResourceCompile>
  </ItemGroup>
</Project>