<?xml version="1.0" encoding="utf-8"?>
<Project ToolsVersion="4.0" xmlns="http://schemas.microsoft.com/developer/msbuild/2003">
  <ItemGroup>
    <Filter Include="Source Files">
      <UniqueIdentifier>{8d6cf391-b889-49ec-830b-4038235637ab}</UniqueIdentifier>
      <Extensions>cpp;c;cxx;rc;def;r;odl;idl;hpj;bat</Extensions>
    </Filter>
    <Filter Include="Header Files">
      <UniqueIdentifier>{2380c713-25a5-4eb8-b4af-94911b4d154e}</UniqueIdentifier>
      <Extensions>h;hpp;hxx;hm;inl</Extensions>
    </Filter>
    <Filter Include="Resource Files">
      <UniqueIdentifier>{af38e289-d8ce-4d00-81dd-ab266a10edf1}</UniqueIdentifier>
      <Extensions>ico;cur;bmp;dlg;rc2;rct;bin;rgs;gif;jpg;jpeg;jpe</Extensions>
    </Filter>
    <Filter Include="SODaC">
      <UniqueIdentifier>{da12ced2-593e-4393-9930-7a1494563f29}</UniqueIdentifier>
    </Filter>
    <Filter Include="SOCmn">
      <UniqueIdentifier>{b61546e2-d933-4360-800c-ba39f39f1b9b}</UniqueIdentifier>
    </Filter>
    <Filter Include="SOClt">
      <UniqueIdentifier>{4dce7d7b-fb5d-4ed9-bd66-a3815b97ad25}</UniqueIdentifier>
    </Filter>
    <Filter Include="SOAeC">
      <UniqueIdentifier>{ba6abcf9-71d7-4185-a888-fc307ea9728a}</UniqueIdentifier>
    </Filter>
    <Filter Include="GridControl">
      <UniqueIdentifier>{1dbb7a72-d0b9-4869-8448-f87323cfee23}</UniqueIdentifier>
    </Filter>
  </ItemGroup>
  <ItemGroup>
    <ClCompile Include="ConfigFile.cpp">
      <Filter>Source Files</Filter>
    </ClCompile>
    <ClCompile Include="DlgAbout.cpp">
      <Filter>Source Files</Filter>
    </ClCompile>
    <ClCompile Include="extimpl.cpp">
      <Filter>Source Files</Filter>
    </ClCompile>
    <ClCompile Include="SOClient.cpp">
      <Filter>Source Files</Filter>
    </ClCompile>
    <ClCompile Include="SODmCEvent.cpp">
      <Filter>Source Files</Filter>
    </ClCompile>
    <ClCompile Include="SODmCGroup.cpp">
      <Filter>Source Files</Filter>
    </ClCompile>
    <ClCompile Include="SODmCItem.cpp">
      <Filter>Source Files</Filter>
    </ClCompile>
    <ClCompile Include="SODmCMainFrm.cpp">
      <Filter>Source Files</Filter>
    </ClCompile>
    <ClCompile Include="SODmCMainView.cpp">
      <Filter>Source Files</Filter>
    </ClCompile>
    <ClCompile Include="SODmCMultiWriteDlg.cpp">
      <Filter>Source Files</Filter>
    </ClCompile>
    <ClCompile Include="SODmCNameSpaceDA.cpp">
      <Filter>Source Files</Filter>
    </ClCompile>
    <ClCompile Include="SODmCObjectView.cpp">
      <Filter>Source Files</Filter>
    </ClCompile>
    <ClCompile Include="SODmCPropFrm.cpp">
      <Filter>Source Files</Filter>
    </ClCompile>
    <ClCompile Include="SODmCServerAE.cpp">
      <Filter>Source Files</Filter>
    </ClCompile>
    <ClCompile Include="SODmCServerDA.cpp">
      <Filter>Source Files</Filter>
    </ClCompile>
    <ClCompile Include="SODmCSubscription.cpp">
      <Filter>Source Files</Filter>
    </ClCompile>
    <ClCompile Include="StdAfx.cpp">
      <Filter>Source Files</Filter>
    </ClCompile>
    <ClCompile Include="..\..\SODaC\SODaCBrowse.cpp">
      <Filter>SODaC</Filter>
    </ClCompile>
    <ClCompile Include="..\..\SODaC\SODaCCallback.cpp">
      <Filter>SODaC</Filter>
    </ClCompile>
    <ClCompile Include="..\..\SODaC\SODaCComBrowse.cpp">
      <Filter>SODaC</Filter>
    </ClCompile>
    <ClCompile Include="..\..\SODaC\SODaCComGroup.cpp">
      <Filter>SODaC</Filter>
    </ClCompile>
    <ClCompile Include="..\..\SODaC\SODaCComServer.cpp">
      <Filter>SODaC</Filter>
    </ClCompile>
    <ClCompile Include="..\..\SODaC\SODaCEntry.cpp">
      <Filter>SODaC</Filter>
    </ClCompile>
    <ClCompile Include="..\..\SODaC\SODaCGroup.cpp">
      <Filter>SODaC</Filter>
    </ClCompile>
    <ClCompile Include="..\..\SODaC\SODaCItem.cpp">
      <Filter>SODaC</Filter>
    </ClCompile>
    <ClCompile Include="..\..\SODaC\SODaCServer.cpp">
      <Filter>SODaC</Filter>
    </ClCompile>
    <ClCompile Include="..\..\SODaC\SODaCTPBrowse.cpp">
      <Filter>SODaC</Filter>
    </ClCompile>
    <ClCompile Include="..\..\SODaC\SODaCTPCall.cpp">
      <Filter>SODaC</Filter>
    </ClCompile>
    <ClCompile Include="..\..\SODaC\SODaCTPGroup.cpp">
      <Filter>SODaC</Filter>
    </ClCompile>
    <ClCompile Include="..\..\SODaC\SODaCTPServer.cpp">
      <Filter>SODaC</Filter>
    </ClCompile>
    <ClCompile Include="..\..\SODaC\SODaCXmlBrowse.cpp">
      <Filter>SODaC</Filter>
    </ClCompile>
    <ClCompile Include="..\..\SODaC\SODaCXmlCall.cpp">
      <Filter>SODaC</Filter>
    </ClCompile>
    <ClCompile Include="..\..\SODaC\SODaCXmlGroup.cpp">
      <Filter>SODaC</Filter>
    </ClCompile>
    <ClCompile Include="..\..\SODaC\SODaCXmlServer.cpp">
      <Filter>SODaC</Filter>
    </ClCompile>
    <ClCompile Include="..\..\SOCmn\SOCmnData.cpp">
      <Filter>SOCmn</Filter>
    </ClCompile>
    <ClCompile Include="..\..\SOCmn\SOCmnElement.cpp">
      <Filter>SOCmn</Filter>
    </ClCompile>
    <ClCompile Include="..\..\SOCmn\SOCmnEvent.cpp">
      <Filter>SOCmn</Filter>
    </ClCompile>
    <ClCompile Include="..\..\SOCmn\SOCmnEventPool.cpp">
      <Filter>SOCmn</Filter>
    </ClCompile>
    <ClCompile Include="..\..\SOCmn\SOCmnException.cpp">
      <Filter>SOCmn</Filter>
    </ClCompile>
    <ClCompile Include="..\..\SOCmn\SOCmnExpat.cpp">
      <Filter>SOCmn</Filter>
    </ClCompile>
    <ClCompile Include="..\..\SOCmn\SOCmnFunctions.cpp">
      <Filter>SOCmn</Filter>
    </ClCompile>
    <ClCompile Include="..\..\SOCmn\SOCmnHandleManager.cpp">
      <Filter>SOCmn</Filter>
    </ClCompile>
    <ClCompile Include="..\..\SOCmn\SOCmnHttp.cpp">
      <Filter>SOCmn</Filter>
    </ClCompile>
    <ClCompile Include="..\..\SOCmn\SOCmnList.cpp">
      <Filter>SOCmn</Filter>
    </ClCompile>
    <ClCompile Include="..\..\SOCmn\SOCmnObject.cpp">
      <Filter>SOCmn</Filter>
    </ClCompile>
    <ClCompile Include="..\..\SOCmn\SOCmnSocket.cpp">
      <Filter>SOCmn</Filter>
    </ClCompile>
    <ClCompile Include="..\..\SOCmn\SOCmnSocketClt.cpp">
      <Filter>SOCmn</Filter>
    </ClCompile>
    <ClCompile Include="..\..\SOCmn\SOCmnString.cpp">
      <Filter>SOCmn</Filter>
    </ClCompile>
    <ClCompile Include="..\..\SOCmn\SOCmnSync.cpp">
      <Filter>SOCmn</Filter>
    </ClCompile>
    <ClCompile Include="..\..\SOCmn\SOCmnThread.cpp">
      <Filter>SOCmn</Filter>
    </ClCompile>
    <ClCompile Include="..\..\SOCmn\SOCmnTime.cpp">
      <Filter>SOCmn</Filter>
    </ClCompile>
    <ClCompile Include="..\..\SOCmn\SOCmnTP.cpp">
      <Filter>SOCmn</Filter>
    </ClCompile>
    <ClCompile Include="..\..\SOCmn\SOCmnTrace.cpp">
      <Filter>SOCmn</Filter>
    </ClCompile>
    <ClCompile Include="..\..\SOCmn\SOCmnVariant.cpp">
      <Filter>SOCmn</Filter>
    </ClCompile>
    <ClCompile Include="..\..\SOCmn\SOCmnXML.cpp">
      <Filter>SOCmn</Filter>
    </ClCompile>
    <ClCompile Include="..\..\SOClt\SOCltBrowse.cpp">
      <Filter>SOClt</Filter>
    </ClCompile>
    <ClCompile Include="..\..\SOClt\SOCltComServer.cpp">
      <Filter>SOClt</Filter>
    </ClCompile>
    <ClCompile Include="..\..\SOClt\SOCltElement.cpp">
      <Filter>SOClt</Filter>
    </ClCompile>
    <ClCompile Include="..\..\SOClt\SOCltEntry.cpp">
      <Filter>SOClt</Filter>
    </ClCompile>
    <ClCompile Include="..\..\SOClt\SOCltHttp.cpp">
      <Filter>SOClt</Filter>
    </ClCompile>
    <ClCompile Include="..\..\SOClt\SOCltServer.cpp">
      <Filter>SOClt</Filter>
    </ClCompile>
    <ClCompile Include="..\..\SOClt\SOCltServerBrowser.cpp">
      <Filter>SOClt</Filter>
    </ClCompile>
    <ClCompile Include="..\..\SOClt\SOCltShutdown.cpp">
      <Filter>SOClt</Filter>
    </ClCompile>
    <ClCompile Include="..\..\SOClt\SOCltStorage.cpp">
      <Filter>SOClt</Filter>
    </ClCompile>
    <ClCompile Include="..\..\SOClt\SoCltTask.cpp">
      <Filter>SOClt</Filter>
    </ClCompile>
    <ClCompile Include="..\..\SOClt\SOCltThread.cpp">
      <Filter>SOClt</Filter>
    </ClCompile>
    <ClCompile Include="..\..\SOClt\SOCltTP.cpp">
      <Filter>SOClt</Filter>
    </ClCompile>
    <ClCompile Include="..\..\SOAeC\SOAeCBrowse.cpp">
      <Filter>SOAeC</Filter>
    </ClCompile>
    <ClCompile Include="..\..\SOAeC\SOAeCCallback.cpp">
      <Filter>SOAeC</Filter>
    </ClCompile>
    <ClCompile Include="..\..\SOAeC\SOAeCComBrowse.cpp">
      <Filter>SOAeC</Filter>
    </ClCompile>
    <ClCompile Include="..\..\SOAeC\SOAeCComServer.cpp">
      <Filter>SOAeC</Filter>
    </ClCompile>
    <ClCompile Include="..\..\SOAeC\SOAeCComSubscription.cpp">
      <Filter>SOAeC</Filter>
    </ClCompile>
    <ClCompile Include="..\..\SOAeC\SOAeCEntry.cpp">
      <Filter>SOAeC</Filter>
    </ClCompile>
    <ClCompile Include="..\..\SOAeC\SOAeCEvent.cpp">
      <Filter>SOAeC</Filter>
    </ClCompile>
    <ClCompile Include="..\..\SOAeC\SOAeCServer.cpp">
      <Filter>SOAeC</Filter>
    </ClCompile>
    <ClCompile Include="..\..\SOAeC\SOAeCSubscription.cpp">
      <Filter>SOAeC</Filter>
    </ClCompile>
    <ClCompile Include="..\..\SOAeC\SOAeCTPBrowse.cpp">
      <Filter>SOAeC</Filter>
    </ClCompile>
    <ClCompile Include="..\..\SOAeC\SOAeCTPCall.cpp">
      <Filter>SOAeC</Filter>
    </ClCompile>
    <ClCompile Include="..\..\SOAeC\SOAeCTPServer.cpp">
      <Filter>SOAeC</Filter>
    </ClCompile>
    <ClCompile Include="..\..\SOAeC\SOAeCTPSubscription.cpp">
      <Filter>SOAeC</Filter>
    </ClCompile>
    <ClCompile Include="GridCtrl_SRC\BtnDataBase.cpp">
      <Filter>GridControl</Filter>
    </ClCompile>
    <ClCompile Include="GridCtrl_SRC\GridBtnCell.cpp">
      <Filter>GridControl</Filter>
    </ClCompile>
    <ClCompile Include="GridCtrl_SRC\GridBtnCellBase.cpp">
      <Filter>GridControl</Filter>
    </ClCompile>
    <ClCompile Include="GridCtrl_SRC\GridCell.cpp">
      <Filter>GridControl</Filter>
    </ClCompile>
    <ClCompile Include="GridCtrl_SRC\GridCellBase.cpp">
      <Filter>GridControl</Filter>
    </ClCompile>
    <ClCompile Include="GridCtrl_SRC\GridCellCheck.cpp">
      <Filter>GridControl</Filter>
    </ClCompile>
    <ClCompile Include="GridCtrl_SRC\GridCellCombo.cpp">
      <Filter>GridControl</Filter>
    </ClCompile>
    <ClCompile Include="GridCtrl_SRC\GridCellNumeric.cpp">
      <Filter>GridControl</Filter>
    </ClCompile>
    <ClCompile Include="GridCtrl_SRC\GridCtrl.cpp">
      <Filter>GridControl</Filter>
    </ClCompile>
    <ClCompile Include="GridCtrl_SRC\GridDropTarget.cpp">
      <Filter>GridControl</Filter>
    </ClCompile>
    <ClCompile Include="GridCtrl_SRC\InPlaceEdit.cpp">
      <Filter>GridControl</Filter>
    </ClCompile>
    <ClCompile Include="GridCtrl_SRC\TitleTip.cpp">
      <Filter>GridControl</Filter>
    </ClCompile>
  </ItemGroup>
  <ItemGroup>
    <ClInclude Include="ConfigFile.h">
      <Filter>Header Files</Filter>
    </ClInclude>
    <ClInclude Include="DlgAbout.h">
      <Filter>Header Files</Filter>
    </ClInclude>
    <ClInclude Include="SOClient.h">
      <Filter>Header Files</Filter>
    </ClInclude>
    <ClInclude Include="SODmCEvent.h">
      <Filter>Header Files</Filter>
    </ClInclude>
    <ClInclude Include="SODmCGroup.h">
      <Filter>Header Files</Filter>
    </ClInclude>
    <ClInclude Include="SODmCItem.h">
      <Filter>Header Files</Filter>
    </ClInclude>
    <ClInclude Include="SODmCMainFrm.h">
      <Filter>Header Files</Filter>
    </ClInclude>
    <ClInclude Include="SODmCMainView.h">
      <Filter>Header Files</Filter>
    </ClInclude>
    <ClInclude Include="SODmCMultiWriteDlg.h">
      <Filter>Header Files</Filter>
    </ClInclude>
    <ClInclude Include="SODmCNameSpaceDA.h">
      <Filter>Header Files</Filter>
    </ClInclude>
    <ClInclude Include="SODmCObjectView.h">
      <Filter>Header Files</Filter>
    </ClInclude>
    <ClInclude Include="SODmCPropFrm.h">
      <Filter>Header Files</Filter>
    </ClInclude>
    <ClInclude Include="SODmCServerAE.h">
      <Filter>Header Files</Filter>
    </ClInclude>
    <ClInclude Include="SODmCServerDA.h">
      <Filter>Header Files</Filter>
    </ClInclude>
    <ClInclude Include="SODmCSubscription.h">
      <Filter>Header Files</Filter>
    </ClInclude>
    <ClInclude Include="SOModule.h">
      <Filter>Header Files</Filter>
    </ClInclude>
    <ClInclude Include="StdAfx.h">
      <Filter>Header Files</Filter>
    </ClInclude>
    <ClInclude Include="Resource.h">
      <Filter>Resource Files</Filter>
    </ClInclude>
    <ClInclude Include="..\..\include\SODaC.h">
      <Filter>SODaC</Filter>
    </ClInclude>
    <ClInclude Include="..\..\include\SODaCBrowse.h">
      <Filter>SODaC</Filter>
    </ClInclude>
    <ClInclude Include="..\..\include\SODaCCallback.h">
      <Filter>SODaC</Filter>
    </ClInclude>
    <ClInclude Include="..\..\include\SODaCComBrowse.h">
      <Filter>SODaC</Filter>
    </ClInclude>
    <ClInclude Include="..\..\include\SODaCComGroup.h">
      <Filter>SODaC</Filter>
    </ClInclude>
    <ClInclude Include="..\..\include\SODaCComServer.h">
      <Filter>SODaC</Filter>
    </ClInclude>
    <ClInclude Include="..\..\include\SODaCEntry.h">
      <Filter>SODaC</Filter>
    </ClInclude>
    <ClInclude Include="..\..\include\SODaCGroup.h">
      <Filter>SODaC</Filter>
    </ClInclude>
    <ClInclude Include="..\..\include\SODaCItem.h">
      <Filter>SODaC</Filter>
    </ClInclude>
    <ClInclude Include="..\..\include\SODaCServer.h">
      <Filter>SODaC</Filter>
    </ClInclude>
    <ClInclude Include="..\..\include\SODaCTPBrowse.h">
      <Filter>SODaC</Filter>
    </ClInclude>
    <ClInclude Include="..\..\SODaC\SODaCTPCall.h">
      <Filter>SODaC</Filter>
    </ClInclude>
    <ClInclude Include="..\..\include\SODaCTPGroup.h">
      <Filter>SODaC</Filter>
    </ClInclude>
    <ClInclude Include="..\..\include\SODaCTPServer.h">
      <Filter>SODaC</Filter>
    </ClInclude>
    <ClInclude Include="..\..\include\SODaCXmlBrowse.h">
      <Filter>SODaC</Filter>
    </ClInclude>
    <ClInclude Include="..\..\SODaC\SODaCXmlCall.h">
      <Filter>SODaC</Filter>
    </ClInclude>
    <ClInclude Include="..\..\include\SODaCXmlGroup.h">
      <Filter>SODaC</Filter>
    </ClInclude>
    <ClInclude Include="..\..\include\SODaCXmlServer.h">
      <Filter>SODaC</Filter>
    </ClInclude>
    <ClInclude Include="..\..\include\SOCmn.h">
      <Filter>SOCmn</Filter>
    </ClInclude>
    <ClInclude Include="..\..\include\SOCmnData.h">
      <Filter>SOCmn</Filter>
    </ClInclude>
    <ClInclude Include="..\..\include\SOCmnElement.h">
      <Filter>SOCmn</Filter>
    </ClInclude>
    <ClInclude Include="..\..\include\SOCmnEvent.h">
      <Filter>SOCmn</Filter>
    </ClInclude>
    <ClInclude Include="..\..\include\SOCmnEventPool.h">
      <Filter>SOCmn</Filter>
    </ClInclude>
    <ClInclude Include="..\..\include\SOCmnException.h">
      <Filter>SOCmn</Filter>
    </ClInclude>
    <ClInclude Include="..\..\include\SOCmnFunctions.h">
      <Filter>SOCmn</Filter>
    </ClInclude>
    <ClInclude Include="..\..\include\SOCmnHandleManager.h">
      <Filter>SOCmn</Filter>
    </ClInclude>
    <ClInclude Include="..\..\include\SOCmnHttp.h">
      <Filter>SOCmn</Filter>
    </ClInclude>
    <ClInclude Include="..\..\include\SOCmnList.h">
      <Filter>SOCmn</Filter>
    </ClInclude>
    <ClInclude Include="..\..\include\SOCmnObject.h">
      <Filter>SOCmn</Filter>
    </ClInclude>
    <ClInclude Include="..\..\include\SOCmnSocket.h">
      <Filter>SOCmn</Filter>
    </ClInclude>
    <ClInclude Include="..\..\include\SOCmnString.h">
      <Filter>SOCmn</Filter>
    </ClInclude>
    <ClInclude Include="..\..\include\SOCmnSync.h">
      <Filter>SOCmn</Filter>
    </ClInclude>
    <ClInclude Include="..\..\include\SOCmnThread.h">
      <Filter>SOCmn</Filter>
    </ClInclude>
    <ClInclude Include="..\..\include\SOCmnTime.h">
      <Filter>SOCmn</Filter>
    </ClInclude>
    <ClInclude Include="..\..\include\SOCmnTP.h">
      <Filter>SOCmn</Filter>
    </ClInclude>
    <ClInclude Include="..\..\include\SOCmnTrace.h">
      <Filter>SOCmn</Filter>
    </ClInclude>
    <ClInclude Include="..\..\include\SOCmnVariant.h">
      <Filter>SOCmn</Filter>
    </ClInclude>
    <ClInclude Include="..\..\include\SOCmnXML.h">
      <Filter>SOCmn</Filter>
    </ClInclude>
    <ClInclude Include="..\..\include\SOClt.h">
      <Filter>SOClt</Filter>
    </ClInclude>
    <ClInclude Include="..\..\include\SOCltBrowse.h">
      <Filter>SOClt</Filter>
    </ClInclude>
    <ClInclude Include="..\..\include\SOCltComServer.h">
      <Filter>SOClt</Filter>
    </ClInclude>
    <ClInclude Include="..\..\include\SOCltElement.h">
      <Filter>SOClt</Filter>
    </ClInclude>
    <ClInclude Include="..\..\include\SOCltEntry.h">
      <Filter>SOClt</Filter>
    </ClInclude>
    <ClInclude Include="..\..\include\SOCltError.h">
      <Filter>SOClt</Filter>
    </ClInclude>
    <ClInclude Include="..\..\include\SOCltHttp.h">
      <Filter>SOClt</Filter>
    </ClInclude>
    <ClInclude Include="..\..\include\SOCltServer.h">
      <Filter>SOClt</Filter>
    </ClInclude>
    <ClInclude Include="..\..\include\SOCltServerBrowser.h">
      <Filter>SOClt</Filter>
    </ClInclude>
    <ClInclude Include="..\..\include\SOCltShutdown.h">
      <Filter>SOClt</Filter>
    </ClInclude>
    <ClInclude Include="..\..\include\SOCltStorage.h">
      <Filter>SOClt</Filter>
    </ClInclude>
    <ClInclude Include="..\..\include\SoCltTask.h">
      <Filter>SOClt</Filter>
    </ClInclude>
    <ClInclude Include="..\..\include\SOCltThread.h">
      <Filter>SOClt</Filter>
    </ClInclude>
    <ClInclude Include="..\..\include\SOCltTP.h">
      <Filter>SOClt</Filter>
    </ClInclude>
    <ClInclude Include="..\..\include\SOAeC.h">
      <Filter>SOAeC</Filter>
    </ClInclude>
    <ClInclude Include="..\..\include\SOAeCBrowse.h">
      <Filter>SOAeC</Filter>
    </ClInclude>
    <ClInclude Include="..\..\include\SOAeCCallback.h">
      <Filter>SOAeC</Filter>
    </ClInclude>
    <ClInclude Include="..\..\include\SOAeCComBrowse.h">
      <Filter>SOAeC</Filter>
    </ClInclude>
    <ClInclude Include="..\..\include\SOAeCComServer.h">
      <Filter>SOAeC</Filter>
    </ClInclude>
    <ClInclude Include="..\..\include\SOAeCComSubscription.h">
      <Filter>SOAeC</Filter>
    </ClInclude>
    <ClInclude Include="..\..\include\SOAeCEntry.h">
      <Filter>SOAeC</Filter>
    </ClInclude>
    <ClInclude Include="..\..\include\SOAeCEvent.h">
      <Filter>SOAeC</Filter>
    </ClInclude>
    <ClInclude Include="..\..\include\SOAeCServer.h">
      <Filter>SOAeC</Filter>
    </ClInclude>
    <ClInclude Include="..\..\include\SOAeCSubscription.h">
      <Filter>SOAeC</Filter>
    </ClInclude>
    <ClInclude Include="..\..\include\SOAeCTPBrowse.h">
      <Filter>SOAeC</Filter>
    </ClInclude>
    <ClInclude Include="..\..\SOAeC\SOAeCTPCall.h">
      <Filter>SOAeC</Filter>
    </ClInclude>
    <ClInclude Include="..\..\include\SOAeCTPServer.h">
      <Filter>SOAeC</Filter>
    </ClInclude>
    <ClInclude Include="..\..\include\SOAeCTPSubscription.h">
      <Filter>SOAeC</Filter>
    </ClInclude>
    <ClInclude Include="GridCtrl_SRC\BtnDataBase.h">
      <Filter>GridControl</Filter>
    </ClInclude>
    <ClInclude Include="GridCtrl_SRC\CellRange.h">
      <Filter>GridControl</Filter>
    </ClInclude>
    <ClInclude Include="GridCtrl_SRC\GridBtnCell.h">
      <Filter>GridControl</Filter>
    </ClInclude>
    <ClInclude Include="GridCtrl_SRC\GridBtnCellBase.h">
      <Filter>GridControl</Filter>
    </ClInclude>
    <ClInclude Include="GridCtrl_SRC\GridCell.h">
      <Filter>GridControl</Filter>
    </ClInclude>
    <ClInclude Include="GridCtrl_SRC\GridCellBase.h">
      <Filter>GridControl</Filter>
    </ClInclude>
    <ClInclude Include="GridCtrl_SRC\GridCellCheck.h">
      <Filter>GridControl</Filter>
    </ClInclude>
    <ClInclude Include="GridCtrl_SRC\GridCellCombo.h">
      <Filter>GridControl</Filter>
    </ClInclude>
    <ClInclude Include="GridCtrl_SRC\GridCellNumeric.h">
      <Filter>GridControl</Filter>
    </ClInclude>
    <ClInclude Include="GridCtrl_SRC\GridCtrl.h">
      <Filter>GridControl</Filter>
    </ClInclude>
    <ClInclude Include="GridCtrl_SRC\GridDropTarget.h">
      <Filter>GridControl</Filter>
    </ClInclude>
    <ClInclude Include="GridCtrl_SRC\InPlaceEdit.h">
      <Filter>GridControl</Filter>
    </ClInclude>
    <ClInclude Include="GridCtrl_SRC\MemDC.h">
      <Filter>GridControl</Filter>
    </ClInclude>
    <ClInclude Include="GridCtrl_SRC\TitleTip.h">
      <Filter>GridControl</Filter>
    </ClInclude>
  </ItemGroup>
  <ItemGroup>
    <None Include="res\about.htm">
      <Filter>Resource Files</Filter>
    </None>
    <None Include="res\common.css">
      <Filter>Resource Files</Filter>
    </None>
    <None Include="res\SOClient.rc2">
      <Filter>Resource Files</Filter>
    </None>
    <None Include="..\..\SOCmn\opcae_er.mc">
      <Filter>SOCmn</Filter>
    </None>
    <None Include="..\..\SOCmn\opcerror.mc">
      <Filter>SOCmn</Filter>
    </None>
  </ItemGroup>
  <ItemGroup>
    <Image Include="res\about.jpg">
      <Filter>Resource Files</Filter>
    </Image>
    <Image Include="res\mainImg.bmp">
      <Filter>Resource Files</Filter>
    </Image>
    <Image Include="res\objectImg.bmp">
      <Filter>Resource Files</Filter>
    </Image>
    <Image Include="res\propfram.bmp">
      <Filter>Resource Files</Filter>
    </Image>
    <Image Include="res\SOClient.ico">
      <Filter>Resource Files</Filter>
    </Image>
    <Image Include="res\Toolbar.bmp">
      <Filter>Resource Files</Filter>
    </Image>
  </ItemGroup>
  <ItemGroup>
    <ResourceCompile Include="SOClient.rc">
      <Filter>Resource Files</Filter>
    </ResourceCompile>
  </ItemGroup>
  <ItemGroup>
    <CustomBuild Include="..\..\SOClt\SOCltError.mc">
      <Filter>SOClt</Filter>
    </CustomBuild>
  </ItemGroup>
</Project>