
Microsoft Visual Studio Solution File, Format Version 12.00
# Visual Studio Version 17
VisualStudioVersion = 17.10.35013.160
MinimumVisualStudioVersion = 10.0.40219.1
Project("{8BC9CEB8-8B4A-11D0-8D11-00A0C91BC942}") = "OpcProject", "OpcProject_VS2017.vcxproj", "{3A98F3F5-266E-41B2-B89E-6945F37A6054}"
EndProject
Global
	GlobalSection(SolutionConfigurationPlatforms) = preSolution
		Debug Console|x64 = Debug Console|x64
		Debug Console|x86 = Debug Console|x86
		Release Console|x64 = Release Console|x64
		Release Console|x86 = Release Console|x86
	EndGlobalSection
	GlobalSection(ProjectConfigurationPlatforms) = postSolution
		{3A98F3F5-266E-41B2-B89E-6945F37A6054}.Debug Console|x64.ActiveCfg = Debug Console|x64
		{3A98F3F5-266E-41B2-B89E-6945F37A6054}.Debug Console|x64.Build.0 = Debug Console|x64
		{3A98F3F5-266E-41B2-B89E-6945F37A6054}.Debug Console|x86.ActiveCfg = Debug Console|Win32
		{3A98F3F5-266E-41B2-B89E-6945F37A6054}.Debug Console|x86.Build.0 = Debug Console|Win32
		{3A98F3F5-266E-41B2-B89E-6945F37A6054}.Release Console|x64.ActiveCfg = Release Console|x64
		{3A98F3F5-266E-41B2-B89E-6945F37A6054}.Release Console|x64.Build.0 = Release Console|x64
		{3A98F3F5-266E-41B2-B89E-6945F37A6054}.Release Console|x86.ActiveCfg = Release Console|Win32
		{3A98F3F5-266E-41B2-B89E-6945F37A6054}.Release Console|x86.Build.0 = Release Console|Win32
	EndGlobalSection
	GlobalSection(SolutionProperties) = preSolution
		HideSolutionNode = FALSE
	EndGlobalSection
	GlobalSection(ExtensibilityGlobals) = postSolution
		SolutionGuid = {60939087-1FDA-4697-9548-3FE73653DDB3}
	EndGlobalSection
EndGlobal
