
Microsoft Visual Studio Solution File, Format Version 12.00
# Visual Studio Version 16
VisualStudioVersion = 16.0.34902.97
MinimumVisualStudioVersion = 10.0.40219.1
Project("{8BC9CEB8-8B4A-11D0-8D11-00A0C91BC942}") = "SOSrv", "SOSrv_vc6.vcxproj", "{E11D8E74-8C85-4696-89EB-A85AEF580DE9}"
EndProject
Global
	GlobalSection(SolutionConfigurationPlatforms) = preSolution
		Debug shared ASCII|x86 = Debug shared ASCII|x86
		Debug shared UNICODE|x86 = Debug shared UNICODE|x86
		Debug static ASCII|x86 = Debug static ASCII|x86
		Debug static UNICODE|x86 = Debug static UNICODE|x86
		Demo static ASCII|x86 = Demo static ASCII|x86
		Release shared ASCII|x86 = Release shared ASCII|x86
		Release shared UNICODE|x86 = Release shared UNICODE|x86
		Release static ASCII|x86 = Release static ASCII|x86
		Release static UNICODE|x86 = Release static UNICODE|x86
	EndGlobalSection
	GlobalSection(ProjectConfigurationPlatforms) = postSolution
		{E11D8E74-8C85-4696-89EB-A85AEF580DE9}.Debug shared ASCII|x86.ActiveCfg = Debug shared ASCII|Win32
		{E11D8E74-8C85-4696-89EB-A85AEF580DE9}.Debug shared ASCII|x86.Build.0 = Debug shared ASCII|Win32
		{E11D8E74-8C85-4696-89EB-A85AEF580DE9}.Debug shared UNICODE|x86.ActiveCfg = Debug shared UNICODE|Win32
		{E11D8E74-8C85-4696-89EB-A85AEF580DE9}.Debug shared UNICODE|x86.Build.0 = Debug shared UNICODE|Win32
		{E11D8E74-8C85-4696-89EB-A85AEF580DE9}.Debug static ASCII|x86.ActiveCfg = Debug static ASCII|Win32
		{E11D8E74-8C85-4696-89EB-A85AEF580DE9}.Debug static ASCII|x86.Build.0 = Debug static ASCII|Win32
		{E11D8E74-8C85-4696-89EB-A85AEF580DE9}.Debug static UNICODE|x86.ActiveCfg = Debug static UNICODE|Win32
		{E11D8E74-8C85-4696-89EB-A85AEF580DE9}.Debug static UNICODE|x86.Build.0 = Debug static UNICODE|Win32
		{E11D8E74-8C85-4696-89EB-A85AEF580DE9}.Demo static ASCII|x86.ActiveCfg = Demo static ASCII|Win32
		{E11D8E74-8C85-4696-89EB-A85AEF580DE9}.Demo static ASCII|x86.Build.0 = Demo static ASCII|Win32
		{E11D8E74-8C85-4696-89EB-A85AEF580DE9}.Release shared ASCII|x86.ActiveCfg = Release shared ASCII|Win32
		{E11D8E74-8C85-4696-89EB-A85AEF580DE9}.Release shared ASCII|x86.Build.0 = Release shared ASCII|Win32
		{E11D8E74-8C85-4696-89EB-A85AEF580DE9}.Release shared UNICODE|x86.ActiveCfg = Release shared UNICODE|Win32
		{E11D8E74-8C85-4696-89EB-A85AEF580DE9}.Release shared UNICODE|x86.Build.0 = Release shared UNICODE|Win32
		{E11D8E74-8C85-4696-89EB-A85AEF580DE9}.Release static ASCII|x86.ActiveCfg = Release static ASCII|Win32
		{E11D8E74-8C85-4696-89EB-A85AEF580DE9}.Release static ASCII|x86.Build.0 = Release static ASCII|Win32
		{E11D8E74-8C85-4696-89EB-A85AEF580DE9}.Release static UNICODE|x86.ActiveCfg = Release static UNICODE|Win32
		{E11D8E74-8C85-4696-89EB-A85AEF580DE9}.Release static UNICODE|x86.Build.0 = Release static UNICODE|Win32
	EndGlobalSection
	GlobalSection(SolutionProperties) = preSolution
		HideSolutionNode = FALSE
	EndGlobalSection
	GlobalSection(ExtensibilityGlobals) = postSolution
		SolutionGuid = {41C71FEB-358D-4E2D-8BB4-D8B6A8093117}
	EndGlobalSection
EndGlobal
