<?xml version="1.0" encoding="utf-8"?>
<Project ToolsVersion="4.0" xmlns="http://schemas.microsoft.com/developer/msbuild/2003">
  <ItemGroup>
    <Filter Include="Source Files">
      <UniqueIdentifier>{fac53194-a81a-4059-9b99-52d5a75cb53c}</UniqueIdentifier>
      <Extensions>cpp;c;cxx;rc;def;r;odl;idl;hpj;bat</Extensions>
    </Filter>
    <Filter Include="Header Files">
      <UniqueIdentifier>{89ca8dfd-fb31-40b4-a106-de6571ed489c}</UniqueIdentifier>
      <Extensions>h;hpp;hxx;hm;inl</Extensions>
    </Filter>
    <Filter Include="Resource Files">
      <UniqueIdentifier>{4d5e38e8-6f0c-42c5-a10d-2c9fbe51ce44}</UniqueIdentifier>
      <Extensions>ico;cur;bmp;dlg;rc2;rct;bin;rgs;gif;jpg;jpeg;jpe</Extensions>
    </Filter>
    <Filter Include="SOCmn">
      <UniqueIdentifier>{2e1e4dd9-4178-4a28-8af7-c726e30ca461}</UniqueIdentifier>
    </Filter>
    <Filter Include="SOSrv">
      <UniqueIdentifier>{502ab8aa-59c7-4e84-b3fe-1d0caf77221e}</UniqueIdentifier>
    </Filter>
    <Filter Include="SODaS">
      <UniqueIdentifier>{f5f3fd94-0b75-4e2d-a7bd-a5dae9972882}</UniqueIdentifier>
    </Filter>
    <Filter Include="SOAeS">
      <UniqueIdentifier>{cc223574-38e4-4084-8f23-96e6c21d8909}</UniqueIdentifier>
    </Filter>
    <Filter Include="SOAsS">
      <UniqueIdentifier>{d91cf39c-971d-4bdb-93c5-d0b308d586a6}</UniqueIdentifier>
    </Filter>
  </ItemGroup>
  <ItemGroup>
    <ClCompile Include="extimpl.cpp">
      <Filter>Source Files</Filter>
    </ClCompile>
    <ClCompile Include="SOSAllocHelpers.cpp">
      <Filter>Source Files</Filter>
    </ClCompile>
    <ClCompile Include="SOServer.cpp">
      <Filter>Source Files</Filter>
    </ClCompile>
    <ClCompile Include="StdAfx.cpp">
      <Filter>Source Files</Filter>
    </ClCompile>
    <ClCompile Include="..\..\SOCmn\SOCmnData.cpp">
      <Filter>SOCmn</Filter>
    </ClCompile>
    <ClCompile Include="..\..\SOCmn\SOCmnElement.cpp">
      <Filter>SOCmn</Filter>
    </ClCompile>
    <ClCompile Include="..\..\SOCmn\SOCmnEvent.cpp">
      <Filter>SOCmn</Filter>
    </ClCompile>
    <ClCompile Include="..\..\SOCmn\SOCmnEventPool.cpp">
      <Filter>SOCmn</Filter>
    </ClCompile>
    <ClCompile Include="..\..\SOCmn\SOCmnException.cpp">
      <Filter>SOCmn</Filter>
    </ClCompile>
    <ClCompile Include="..\..\SOCmn\SOCmnExpat.cpp">
      <Filter>SOCmn</Filter>
    </ClCompile>
    <ClCompile Include="..\..\SOCmn\SOCmnFunctions.cpp">
      <Filter>SOCmn</Filter>
    </ClCompile>
    <ClCompile Include="..\..\SOCmn\SOCmnHandleManager.cpp">
      <Filter>SOCmn</Filter>
    </ClCompile>
    <ClCompile Include="..\..\SOCmn\SOCmnHttp.cpp">
      <Filter>SOCmn</Filter>
    </ClCompile>
    <ClCompile Include="..\..\SOCmn\SOCmnList.cpp">
      <Filter>SOCmn</Filter>
    </ClCompile>
    <ClCompile Include="..\..\SOCmn\SOCmnObject.cpp">
      <Filter>SOCmn</Filter>
    </ClCompile>
    <ClCompile Include="..\..\SOCmn\SOCmnSocket.cpp">
      <Filter>SOCmn</Filter>
    </ClCompile>
    <ClCompile Include="..\..\SOCmn\SOCmnSocketSrv.cpp">
      <Filter>SOCmn</Filter>
    </ClCompile>
    <ClCompile Include="..\..\SOCmn\SOCmnString.cpp">
      <Filter>SOCmn</Filter>
    </ClCompile>
    <ClCompile Include="..\..\SOCmn\SOCmnSync.cpp">
      <Filter>SOCmn</Filter>
    </ClCompile>
    <ClCompile Include="..\..\SOCmn\SOCmnThread.cpp">
      <Filter>SOCmn</Filter>
    </ClCompile>
    <ClCompile Include="..\..\SOCmn\SOCmnTime.cpp">
      <Filter>SOCmn</Filter>
    </ClCompile>
    <ClCompile Include="..\..\SOCmn\SOCmnTP.cpp">
      <Filter>SOCmn</Filter>
    </ClCompile>
    <ClCompile Include="..\..\SOCmn\SOCmnTrace.cpp">
      <Filter>SOCmn</Filter>
    </ClCompile>
    <ClCompile Include="..\..\SOCmn\SOCmnVariant.cpp">
      <Filter>SOCmn</Filter>
    </ClCompile>
    <ClCompile Include="..\..\SOCmn\SOCmnXML.cpp">
      <Filter>SOCmn</Filter>
    </ClCompile>
    <ClCompile Include="..\..\SOSrv\SOSrvBrowser.cpp">
      <Filter>SOSrv</Filter>
    </ClCompile>
    <ClCompile Include="..\..\SOSrv\SOSrvComEnum.cpp">
      <Filter>SOSrv</Filter>
    </ClCompile>
    <ClCompile Include="..\..\SOSrv\SOSrvComObject.cpp">
      <Filter>SOSrv</Filter>
    </ClCompile>
    <ClCompile Include="..\..\SOSrv\SOSrvEntry.cpp">
      <Filter>SOSrv</Filter>
    </ClCompile>
    <ClCompile Include="..\..\SOSrv\SOSrvHttp.cpp">
      <Filter>SOSrv</Filter>
    </ClCompile>
    <ClCompile Include="..\..\SOSrv\SOSrvServer.cpp">
      <Filter>SOSrv</Filter>
    </ClCompile>
    <ClCompile Include="..\..\SOSrv\SOSrvTP.cpp">
      <Filter>SOSrv</Filter>
    </ClCompile>
    <ClCompile Include="..\..\SOSrv\SOSrvTrace.cpp">
      <Filter>SOSrv</Filter>
    </ClCompile>
    <ClCompile Include="..\..\SOSrv\SOSrvWatch.cpp">
      <Filter>SOSrv</Filter>
    </ClCompile>
    <ClCompile Include="..\..\SOSrv\SOSrvXML.cpp">
      <Filter>SOSrv</Filter>
    </ClCompile>
    <ClCompile Include="..\..\SODaS\SODaSCache.cpp">
      <Filter>SODaS</Filter>
    </ClCompile>
    <ClCompile Include="..\..\SODaS\SODaSComEnum.cpp">
      <Filter>SODaS</Filter>
    </ClCompile>
    <ClCompile Include="..\..\SODaS\SODaSComGroup.cpp">
      <Filter>SODaS</Filter>
    </ClCompile>
    <ClCompile Include="..\..\SODaS\SODaSComServer.cpp">
      <Filter>SODaS</Filter>
    </ClCompile>
    <ClCompile Include="..\..\SODaS\SODaSEntry.cpp">
      <Filter>SODaS</Filter>
    </ClCompile>
    <ClCompile Include="..\..\SODaS\SODaSGroup.cpp">
      <Filter>SODaS</Filter>
    </ClCompile>
    <ClCompile Include="..\..\SODaS\SODaSItem.cpp">
      <Filter>SODaS</Filter>
    </ClCompile>
    <ClCompile Include="..\..\SODaS\SODaSItemTag.cpp">
      <Filter>SODaS</Filter>
    </ClCompile>
    <ClCompile Include="..\..\SODaS\SODaSNode.cpp">
      <Filter>SODaS</Filter>
    </ClCompile>
    <ClCompile Include="..\..\SODaS\SODaSProperty.cpp">
      <Filter>SODaS</Filter>
    </ClCompile>
    <ClCompile Include="..\..\SODaS\SODaSRequest.cpp">
      <Filter>SODaS</Filter>
    </ClCompile>
    <ClCompile Include="..\..\SODaS\SODaSServer.cpp">
      <Filter>SODaS</Filter>
    </ClCompile>
    <ClCompile Include="..\..\SODaS\SODaSTag.cpp">
      <Filter>SODaS</Filter>
    </ClCompile>
    <ClCompile Include="..\..\SODaS\SODaSTPGroup.cpp">
      <Filter>SODaS</Filter>
    </ClCompile>
    <ClCompile Include="..\..\SODaS\SODaSTPServer.cpp">
      <Filter>SODaS</Filter>
    </ClCompile>
    <ClCompile Include="..\..\SODaS\SODaSTransaction.cpp">
      <Filter>SODaS</Filter>
    </ClCompile>
    <ClCompile Include="..\..\SODaS\SODaSWatch.cpp">
      <Filter>SODaS</Filter>
    </ClCompile>
    <ClCompile Include="..\..\SODaS\SODaSXmlServer.cpp">
      <Filter>SODaS</Filter>
    </ClCompile>
    <ClCompile Include="..\..\SOAeS\SOAeSArea.cpp">
      <Filter>SOAeS</Filter>
    </ClCompile>
    <ClCompile Include="..\..\SOAeS\SOAeSAreaBrowser.cpp">
      <Filter>SOAeS</Filter>
    </ClCompile>
    <ClCompile Include="..\..\SOAeS\SOAeSAttribute.cpp">
      <Filter>SOAeS</Filter>
    </ClCompile>
    <ClCompile Include="..\..\SOAeS\SOAeSCategory.cpp">
      <Filter>SOAeS</Filter>
    </ClCompile>
    <ClCompile Include="..\..\SOAeS\SOAeSComAreaBrowser.cpp">
      <Filter>SOAeS</Filter>
    </ClCompile>
    <ClCompile Include="..\..\SOAeS\SOAeSComServer.cpp">
      <Filter>SOAeS</Filter>
    </ClCompile>
    <ClCompile Include="..\..\SOAeS\SOAeSComSubscription.cpp">
      <Filter>SOAeS</Filter>
    </ClCompile>
    <ClCompile Include="..\..\SOAeS\SOAeSCondition.cpp">
      <Filter>SOAeS</Filter>
    </ClCompile>
    <ClCompile Include="..\..\SOAeS\SOAeSEntry.cpp">
      <Filter>SOAeS</Filter>
    </ClCompile>
    <ClCompile Include="..\..\SOAeS\SOAeSEvent.cpp">
      <Filter>SOAeS</Filter>
    </ClCompile>
    <ClCompile Include="..\..\SOAeS\SOAeSServer.cpp">
      <Filter>SOAeS</Filter>
    </ClCompile>
    <ClCompile Include="..\..\SOAeS\SOAeSSource.cpp">
      <Filter>SOAeS</Filter>
    </ClCompile>
    <ClCompile Include="..\..\SOAeS\SOAeSSubCondition.cpp">
      <Filter>SOAeS</Filter>
    </ClCompile>
    <ClCompile Include="..\..\SOAeS\SOAeSSubscription.cpp">
      <Filter>SOAeS</Filter>
    </ClCompile>
    <ClCompile Include="..\..\SOAeS\SOAeSTPAreaBrowser.cpp">
      <Filter>SOAeS</Filter>
    </ClCompile>
    <ClCompile Include="..\..\SOAeS\SOAeSTPServer.cpp">
      <Filter>SOAeS</Filter>
    </ClCompile>
    <ClCompile Include="..\..\SOAeS\SOAeSTPSubscription.cpp">
      <Filter>SOAeS</Filter>
    </ClCompile>
    <ClCompile Include="..\..\SOAeS\SOAeSWatch.cpp">
      <Filter>SOAeS</Filter>
    </ClCompile>
    <ClCompile Include="..\..\SOAsS\SOAsSAttribute.cpp">
      <Filter>SOAsS</Filter>
    </ClCompile>
    <ClCompile Include="..\..\SOAsS\SOAsSCondition.cpp">
      <Filter>SOAsS</Filter>
    </ClCompile>
    <ClCompile Include="..\..\SOAsS\SOAsSEntry.cpp">
      <Filter>SOAsS</Filter>
    </ClCompile>
    <ClCompile Include="..\..\SOAsS\SOAsSItemTag.cpp">
      <Filter>SOAsS</Filter>
    </ClCompile>
  </ItemGroup>
  <ItemGroup>
    <ClInclude Include="SOModule.h">
      <Filter>Header Files</Filter>
    </ClInclude>
    <ClInclude Include="SOSAllocHelpers.h">
      <Filter>Header Files</Filter>
    </ClInclude>
    <ClInclude Include="SOServer.h">
      <Filter>Header Files</Filter>
    </ClInclude>
    <ClInclude Include="StdAfx.h">
      <Filter>Header Files</Filter>
    </ClInclude>
    <ClInclude Include="..\..\include\SOCmn.h">
      <Filter>SOCmn</Filter>
    </ClInclude>
    <ClInclude Include="..\..\include\SOCmnCfg.h">
      <Filter>SOCmn</Filter>
    </ClInclude>
    <ClInclude Include="..\..\include\SOCmnData.h">
      <Filter>SOCmn</Filter>
    </ClInclude>
    <ClInclude Include="..\..\include\SOCmnElement.h">
      <Filter>SOCmn</Filter>
    </ClInclude>
    <ClInclude Include="..\..\include\SOCmnEvent.h">
      <Filter>SOCmn</Filter>
    </ClInclude>
    <ClInclude Include="..\..\include\SOCmnEventPool.h">
      <Filter>SOCmn</Filter>
    </ClInclude>
    <ClInclude Include="..\..\include\SOCmnException.h">
      <Filter>SOCmn</Filter>
    </ClInclude>
    <ClInclude Include="..\..\include\SOCmnFunctions.h">
      <Filter>SOCmn</Filter>
    </ClInclude>
    <ClInclude Include="..\..\include\SOCmnHandleManager.h">
      <Filter>SOCmn</Filter>
    </ClInclude>
    <ClInclude Include="..\..\include\SOCmnHttp.h">
      <Filter>SOCmn</Filter>
    </ClInclude>
    <ClInclude Include="..\..\include\SOCmnList.h">
      <Filter>SOCmn</Filter>
    </ClInclude>
    <ClInclude Include="..\..\include\SOCmnObject.h">
      <Filter>SOCmn</Filter>
    </ClInclude>
    <ClInclude Include="..\..\include\SOCmnOsCompat.h">
      <Filter>SOCmn</Filter>
    </ClInclude>
    <ClInclude Include="..\..\include\SOCmnSocket.h">
      <Filter>SOCmn</Filter>
    </ClInclude>
    <ClInclude Include="..\..\include\SOCmnString.h">
      <Filter>SOCmn</Filter>
    </ClInclude>
    <ClInclude Include="..\..\include\SOCmnSync.h">
      <Filter>SOCmn</Filter>
    </ClInclude>
    <ClInclude Include="..\..\include\SOCmnThread.h">
      <Filter>SOCmn</Filter>
    </ClInclude>
    <ClInclude Include="..\..\include\SOCmnTime.h">
      <Filter>SOCmn</Filter>
    </ClInclude>
    <ClInclude Include="..\..\include\SOCmnTrace.h">
      <Filter>SOCmn</Filter>
    </ClInclude>
    <ClInclude Include="..\..\include\SOCmnVariant.h">
      <Filter>SOCmn</Filter>
    </ClInclude>
    <ClInclude Include="..\..\include\SOCmnXML.h">
      <Filter>SOCmn</Filter>
    </ClInclude>
    <ClInclude Include="..\..\include\SOSrv.h">
      <Filter>SOSrv</Filter>
    </ClInclude>
    <ClInclude Include="..\..\include\SOSrvBrowser.h">
      <Filter>SOSrv</Filter>
    </ClInclude>
    <ClInclude Include="..\..\SOSrv\SOSrvComEnum.h">
      <Filter>SOSrv</Filter>
    </ClInclude>
    <ClInclude Include="..\..\SOSrv\SOSrvComObject.h">
      <Filter>SOSrv</Filter>
    </ClInclude>
    <ClInclude Include="..\..\include\SOSrvEntry.h">
      <Filter>SOSrv</Filter>
    </ClInclude>
    <ClInclude Include="..\..\include\SOSrvHttp.h">
      <Filter>SOSrv</Filter>
    </ClInclude>
    <ClInclude Include="..\..\include\SOSrvServer.h">
      <Filter>SOSrv</Filter>
    </ClInclude>
    <ClInclude Include="..\..\include\SOSrvTrace.h">
      <Filter>SOSrv</Filter>
    </ClInclude>
    <ClInclude Include="..\..\include\SOSrvWatch.h">
      <Filter>SOSrv</Filter>
    </ClInclude>
    <ClInclude Include="..\..\include\SOSrvXML.h">
      <Filter>SOSrv</Filter>
    </ClInclude>
    <ClInclude Include="..\..\include\SODaS.h">
      <Filter>SODaS</Filter>
    </ClInclude>
    <ClInclude Include="..\..\include\SODaSCache.h">
      <Filter>SODaS</Filter>
    </ClInclude>
    <ClInclude Include="..\..\SODaS\SODaSComEnum.h">
      <Filter>SODaS</Filter>
    </ClInclude>
    <ClInclude Include="..\..\SODaS\SODaSComGroup.h">
      <Filter>SODaS</Filter>
    </ClInclude>
    <ClInclude Include="..\..\SODaS\SODaSComServer.h">
      <Filter>SODaS</Filter>
    </ClInclude>
    <ClInclude Include="..\..\include\SODaSEntry.h">
      <Filter>SODaS</Filter>
    </ClInclude>
    <ClInclude Include="..\..\include\SODaSGroup.h">
      <Filter>SODaS</Filter>
    </ClInclude>
    <ClInclude Include="..\..\include\SODaSItem.h">
      <Filter>SODaS</Filter>
    </ClInclude>
    <ClInclude Include="..\..\include\SODaSItemTag.h">
      <Filter>SODaS</Filter>
    </ClInclude>
    <ClInclude Include="..\..\include\SODaSNode.h">
      <Filter>SODaS</Filter>
    </ClInclude>
    <ClInclude Include="..\..\include\SODaSProperty.h">
      <Filter>SODaS</Filter>
    </ClInclude>
    <ClInclude Include="..\..\include\SODaSRequest.h">
      <Filter>SODaS</Filter>
    </ClInclude>
    <ClInclude Include="..\..\include\SODaSServer.h">
      <Filter>SODaS</Filter>
    </ClInclude>
    <ClInclude Include="..\..\include\SODaSTag.h">
      <Filter>SODaS</Filter>
    </ClInclude>
    <ClInclude Include="..\..\include\SODaSTransaction.h">
      <Filter>SODaS</Filter>
    </ClInclude>
    <ClInclude Include="..\..\include\SODaSWatch.h">
      <Filter>SODaS</Filter>
    </ClInclude>
    <ClInclude Include="..\..\SODaS\SODaSXmlServer.h">
      <Filter>SODaS</Filter>
    </ClInclude>
    <ClInclude Include="..\..\include\SOAeS.h">
      <Filter>SOAeS</Filter>
    </ClInclude>
    <ClInclude Include="..\..\include\SOAeSArea.h">
      <Filter>SOAeS</Filter>
    </ClInclude>
    <ClInclude Include="..\..\include\SOAeSAreaBrowser.h">
      <Filter>SOAeS</Filter>
    </ClInclude>
    <ClInclude Include="..\..\include\SOAeSAttribute.h">
      <Filter>SOAeS</Filter>
    </ClInclude>
    <ClInclude Include="..\..\include\SOAeSCategory.h">
      <Filter>SOAeS</Filter>
    </ClInclude>
    <ClInclude Include="..\..\SOAeS\SOAeSComAreaBrowser.h">
      <Filter>SOAeS</Filter>
    </ClInclude>
    <ClInclude Include="..\..\SOAeS\SOAeSComServer.h">
      <Filter>SOAeS</Filter>
    </ClInclude>
    <ClInclude Include="..\..\SOAeS\SOAeSComSubscription.h">
      <Filter>SOAeS</Filter>
    </ClInclude>
    <ClInclude Include="..\..\include\SOAeSCondition.h">
      <Filter>SOAeS</Filter>
    </ClInclude>
    <ClInclude Include="..\..\include\SOAeSEntry.h">
      <Filter>SOAeS</Filter>
    </ClInclude>
    <ClInclude Include="..\..\include\SOAeSEvent.h">
      <Filter>SOAeS</Filter>
    </ClInclude>
    <ClInclude Include="..\..\include\SOAeSServer.h">
      <Filter>SOAeS</Filter>
    </ClInclude>
    <ClInclude Include="..\..\include\SOAeSSource.h">
      <Filter>SOAeS</Filter>
    </ClInclude>
    <ClInclude Include="..\..\include\SOAeSSubCondition.h">
      <Filter>SOAeS</Filter>
    </ClInclude>
    <ClInclude Include="..\..\include\SOAeSSubscription.h">
      <Filter>SOAeS</Filter>
    </ClInclude>
    <ClInclude Include="..\..\SOAeS\SOAeSTPAreaBrowser.h">
      <Filter>SOAeS</Filter>
    </ClInclude>
    <ClInclude Include="..\..\SOAeS\SOAeSTPServer.h">
      <Filter>SOAeS</Filter>
    </ClInclude>
    <ClInclude Include="..\..\SOAeS\SOAeSTPSubscription.h">
      <Filter>SOAeS</Filter>
    </ClInclude>
    <ClInclude Include="..\..\include\SOAeSWatch.h">
      <Filter>SOAeS</Filter>
    </ClInclude>
    <ClInclude Include="..\..\include\SOAsS.h">
      <Filter>SOAsS</Filter>
    </ClInclude>
    <ClInclude Include="..\..\include\SOAsSAttribute.h">
      <Filter>SOAsS</Filter>
    </ClInclude>
    <ClInclude Include="..\..\include\SOAsSCondition.h">
      <Filter>SOAsS</Filter>
    </ClInclude>
    <ClInclude Include="..\..\include\SOAsSEntry.h">
      <Filter>SOAsS</Filter>
    </ClInclude>
    <ClInclude Include="..\..\include\SOAsSItemTag.h">
      <Filter>SOAsS</Filter>
    </ClInclude>
  </ItemGroup>
  <ItemGroup>
    <Image Include="SOServer.ico">
      <Filter>Resource Files</Filter>
    </Image>
  </ItemGroup>
  <ItemGroup>
    <ResourceCompile Include="SOServer.rc">
      <Filter>Resource Files</Filter>
    </ResourceCompile>
  </ItemGroup>
  <ItemGroup>
    <CustomBuild Include="..\..\SOSrv\SOSrvmc.mc">
      <Filter>Resource Files</Filter>
    </CustomBuild>
    <CustomBuild Include="..\..\include\SOCmnTP.h">
      <Filter>SOCmn</Filter>
    </CustomBuild>
    <CustomBuild Include="..\..\include\SOSrvTP.h">
      <Filter>SOSrv</Filter>
    </CustomBuild>
    <CustomBuild Include="..\..\SODaS\SODaSTPGroup.h">
      <Filter>SODaS</Filter>
    </CustomBuild>
    <CustomBuild Include="..\..\SODaS\SODaSTPServer.h">
      <Filter>SODaS</Filter>
    </CustomBuild>
  </ItemGroup>
</Project>