
Microsoft Visual Studio Solution File, Format Version 12.00
# Visual Studio Version 17
VisualStudioVersion = 17.9.34902.65
MinimumVisualStudioVersion = 10.0.40219.1
Project("{8BC9CEB8-8B4A-11D0-8D11-00A0C91BC942}") = "OpcProject", "OpcProject_VS2017.vcxproj", "{BB3BC5D3-AAFC-4656-B87B-8D62258B5251}"
EndProject
Global
	GlobalSection(SolutionConfigurationPlatforms) = preSolution
		Debug Console|x64 = Debug Console|x64
		Debug Console|x86 = Debug Console|x86
		Release Console|x64 = Release Console|x64
		Release Console|x86 = Release Console|x86
	EndGlobalSection
	GlobalSection(ProjectConfigurationPlatforms) = postSolution
		{BB3BC5D3-AAFC-4656-B87B-8D62258B5251}.Debug Console|x64.ActiveCfg = Debug Console|x64
		{BB3BC5D3-AAFC-4656-B87B-8D62258B5251}.Debug Console|x64.Build.0 = Debug Console|x64
		{BB3BC5D3-AAFC-4656-B87B-8D62258B5251}.Debug Console|x86.ActiveCfg = Debug Console|Win32
		{BB3BC5D3-AAFC-4656-B87B-8D62258B5251}.Debug Console|x86.Build.0 = Debug Console|Win32
		{BB3BC5D3-AAFC-4656-B87B-8D62258B5251}.Release Console|x64.ActiveCfg = Release Console|x64
		{BB3BC5D3-AAFC-4656-B87B-8D62258B5251}.Release Console|x64.Build.0 = Release Console|x64
		{BB3BC5D3-AAFC-4656-B87B-8D62258B5251}.Release Console|x86.ActiveCfg = Release Console|Win32
		{BB3BC5D3-AAFC-4656-B87B-8D62258B5251}.Release Console|x86.Build.0 = Release Console|Win32
	EndGlobalSection
	GlobalSection(SolutionProperties) = preSolution
		HideSolutionNode = FALSE
	EndGlobalSection
	GlobalSection(ExtensibilityGlobals) = postSolution
		SolutionGuid = {98C08DD8-F5EA-41D9-8F20-8F718DAD32A9}
	EndGlobalSection
EndGlobal
