<?xml version="1.0" encoding="utf-8"?>
<Project ToolsVersion="4.0" xmlns="http://schemas.microsoft.com/developer/msbuild/2003">
  <ItemGroup>
    <Filter Include="Source">
      <UniqueIdentifier>{435bb816-91ac-40f5-8a06-323be2272b08}</UniqueIdentifier>
      <Extensions>*.cpp,*.c</Extensions>
    </Filter>
    <Filter Include="Header">
      <UniqueIdentifier>{88c7cfaf-f326-4988-bed4-7806191997a2}</UniqueIdentifier>
      <Extensions>*.hpp;*.h</Extensions>
    </Filter>
    <Filter Include="Resource">
      <UniqueIdentifier>{bd046135-795f-461d-be54-e6b6009211e7}</UniqueIdentifier>
      <Extensions>*.rc;*.mc;*.bin</Extensions>
    </Filter>
  </ItemGroup>
  <ItemGroup>
    <ClCompile Include="SOCmnData.cpp">
      <Filter>Source</Filter>
    </ClCompile>
    <ClCompile Include="SOCmnElement.cpp">
      <Filter>Source</Filter>
    </ClCompile>
    <ClCompile Include="SOCmnEventPool.cpp">
      <Filter>Source</Filter>
    </ClCompile>
    <ClCompile Include="SOCmnException.cpp">
      <Filter>Source</Filter>
    </ClCompile>
    <ClCompile Include="SOCmnFunctions.cpp">
      <Filter>Source</Filter>
    </ClCompile>
    <ClCompile Include="SOCmnList.cpp">
      <Filter>Source</Filter>
    </ClCompile>
    <ClCompile Include="SOCmnObject.cpp">
      <Filter>Source</Filter>
    </ClCompile>
    <ClCompile Include="SOCmnString.cpp">
      <Filter>Source</Filter>
    </ClCompile>
    <ClCompile Include="SOCmnSync.cpp">
      <Filter>Source</Filter>
    </ClCompile>
    <ClCompile Include="SOCmnTrace.cpp">
      <Filter>Source</Filter>
    </ClCompile>
    <ClCompile Include="SOCmnVariant.cpp">
      <Filter>Source</Filter>
    </ClCompile>
    <ClCompile Include="stdafx.cpp">
      <Filter>Source</Filter>
    </ClCompile>
    <ClCompile Include="SOCmnEvent.cpp">
      <Filter>Source</Filter>
    </ClCompile>
    <ClCompile Include="SOCmnSocket.cpp">
      <Filter>Source</Filter>
    </ClCompile>
    <ClCompile Include="SOCmnThread.cpp">
      <Filter>Source</Filter>
    </ClCompile>
    <ClCompile Include="SOCmnTime.cpp">
      <Filter>Source</Filter>
    </ClCompile>
    <ClCompile Include="SOCmnHttp.cpp">
      <Filter>Source</Filter>
    </ClCompile>
    <ClCompile Include="SOCmnSocketSrv.cpp">
      <Filter>Source</Filter>
    </ClCompile>
    <ClCompile Include="SOCmnSocketClt.cpp">
      <Filter>Source</Filter>
    </ClCompile>
    <ClCompile Include="SOCmnXML.cpp">
      <Filter>Source</Filter>
    </ClCompile>
    <ClCompile Include="SOCmnHandleManager.cpp">
      <Filter>Source</Filter>
    </ClCompile>
    <ClCompile Include="SOCmnExpat.cpp">
      <Filter>Source</Filter>
    </ClCompile>
  </ItemGroup>
  <ItemGroup>
    <ClInclude Include="..\include\SOCmn.h">
      <Filter>Header</Filter>
    </ClInclude>
    <ClInclude Include="..\include\SOCmnData.h">
      <Filter>Header</Filter>
    </ClInclude>
    <ClInclude Include="..\include\SOCmnElement.h">
      <Filter>Header</Filter>
    </ClInclude>
    <ClInclude Include="..\include\SOCmnEventPool.h">
      <Filter>Header</Filter>
    </ClInclude>
    <ClInclude Include="..\include\SOCmnException.h">
      <Filter>Header</Filter>
    </ClInclude>
    <ClInclude Include="..\include\SOCmnFunctions.h">
      <Filter>Header</Filter>
    </ClInclude>
    <ClInclude Include="..\include\SOCmnList.h">
      <Filter>Header</Filter>
    </ClInclude>
    <ClInclude Include="..\include\SOCmnObject.h">
      <Filter>Header</Filter>
    </ClInclude>
    <ClInclude Include="..\include\SOCmnString.h">
      <Filter>Header</Filter>
    </ClInclude>
    <ClInclude Include="..\include\SOCmnSync.h">
      <Filter>Header</Filter>
    </ClInclude>
    <ClInclude Include="..\include\SOCmnTrace.h">
      <Filter>Header</Filter>
    </ClInclude>
    <ClInclude Include="..\include\SOCmnVariant.h">
      <Filter>Header</Filter>
    </ClInclude>
    <ClInclude Include="resource.h" />
    <ClInclude Include="..\..\common\SOVersion.h">
      <Filter>Header</Filter>
    </ClInclude>
    <ClInclude Include="..\opc\opcaedef.h">
      <Filter>Header</Filter>
    </ClInclude>
    <ClInclude Include="stdafx.h">
      <Filter>Header</Filter>
    </ClInclude>
    <ClInclude Include="..\include\SOCmnEvent.h">
      <Filter>Header</Filter>
    </ClInclude>
    <ClInclude Include="..\include\SOCmnSocket.h">
      <Filter>Header</Filter>
    </ClInclude>
    <ClInclude Include="..\include\SOCmnThread.h">
      <Filter>Header</Filter>
    </ClInclude>
    <ClInclude Include="..\include\SOCmnTime.h">
      <Filter>Header</Filter>
    </ClInclude>
    <ClInclude Include="..\include\SOCmnHttp.h">
      <Filter>Header</Filter>
    </ClInclude>
    <ClInclude Include="..\include\SOCmnXML.h">
      <Filter>Header</Filter>
    </ClInclude>
    <ClInclude Include="..\include\SOCmnHandleManager.h">
      <Filter>Header</Filter>
    </ClInclude>
    <ClInclude Include="expat\winconfig.h">
      <Filter>Header</Filter>
    </ClInclude>
  </ItemGroup>
  <ItemGroup>
    <ResourceCompile Include="SOCmn.rc" />
  </ItemGroup>
</Project>